
Microsoft Visual Studio Solution File, Format Version 12.00
# Visual Studio Version 16
VisualStudioVersion = 16.0.29806.167
MinimumVisualStudioVersion = 10.0.40219.1
Project("{FAE04EC0-301F-11D3-BF4B-00C04F79EFBC}") = "Expander_test", "Expander_test\Expander_test.csproj", "{A7618B2A-B57B-471B-8C6D-188466FC60E1}"
EndProject
Global
	GlobalSection(SolutionConfigurationPlatforms) = preSolution
		Debug|Any CPU = Debug|Any CPU
		Release|Any CPU = Release|Any CPU
	EndGlobalSection
	GlobalSection(ProjectConfigurationPlatforms) = postSolution
		{A7618B2A-B57B-471B-8C6D-188466FC60E1}.Debug|Any CPU.ActiveCfg = Debug|Any CPU
		{A7618B2A-B57B-471B-8C6D-188466FC60E1}.Debug|Any CPU.Build.0 = Debug|Any CPU
		{A7618B2A-B57B-471B-8C6D-188466FC60E1}.Release|Any CPU.ActiveCfg = Release|Any CPU
		{A7618B2A-B57B-471B-8C6D-188466FC60E1}.Release|Any CPU.Build.0 = Release|Any CPU
	EndGlobalSection
	GlobalSection(SolutionProperties) = preSolution
		HideSolutionNode = FALSE
	EndGlobalSection
	GlobalSection(ExtensibilityGlobals) = postSolution
		SolutionGuid = {89784FA3-3C25-44E5-8BD0-180FAA0525F6}
	EndGlobalSection
EndGlobal
