
Microsoft Visual Studio Solution File, Format Version 12.00
# Visual Studio Version 16
VisualStudioVersion = 16.0.29806.167
MinimumVisualStudioVersion = 10.0.40219.1
Project("{FAE04EC0-301F-11D3-BF4B-00C04F79EFBC}") = "Dunix OS", "Dunix OS\Dunix OS.csproj", "{8FB1A105-753E-48DF-865E-C52E4C69953A}"
EndProject
Global
	GlobalSection(SolutionConfigurationPlatforms) = preSolution
		Debug|Any CPU = Debug|Any CPU
		Release|Any CPU = Release|Any CPU
	EndGlobalSection
	GlobalSection(ProjectConfigurationPlatforms) = postSolution
		{8FB1A105-753E-48DF-865E-C52E4C69953A}.Debug|Any CPU.ActiveCfg = Debug|Any CPU
		{8FB1A105-753E-48DF-865E-C52E4C69953A}.Debug|Any CPU.Build.0 = Debug|Any CPU
		{8FB1A105-753E-48DF-865E-C52E4C69953A}.Release|Any CPU.ActiveCfg = Release|Any CPU
		{8FB1A105-753E-48DF-865E-C52E4C69953A}.Release|Any CPU.Build.0 = Release|Any CPU
	EndGlobalSection
	GlobalSection(SolutionProperties) = preSolution
		HideSolutionNode = FALSE
	EndGlobalSection
	GlobalSection(ExtensibilityGlobals) = postSolution
		SolutionGuid = {5618B729-74F2-456C-A450-A3D0EE839979}
	EndGlobalSection
EndGlobal
